
Microsoft Visual Studio Solution File, Format Version 12.00
# Visual Studio Version 17
VisualStudioVersion = 17.7.34221.43
MinimumVisualStudioVersion = 10.0.40219.1
Project("{FAE04EC0-301F-11D3-BF4B-00C04F79EFBC}") = "Lab5_Siadro", "Lab5_Siadro\Lab5_Siadro.csproj", "{EB07F63A-52D7-4DA6-9ADD-56B611EE815E}"
EndProject
Global
	GlobalSection(SolutionConfigurationPlatforms) = preSolution
		Debug|Any CPU = Debug|Any CPU
		Release|Any CPU = Release|Any CPU
	EndGlobalSection
	GlobalSection(ProjectConfigurationPlatforms) = postSolution
		{EB07F63A-52D7-4DA6-9ADD-56B611EE815E}.Debug|Any CPU.ActiveCfg = Debug|Any CPU
		{EB07F63A-52D7-4DA6-9ADD-56B611EE815E}.Debug|Any CPU.Build.0 = Debug|Any CPU
		{EB07F63A-52D7-4DA6-9ADD-56B611EE815E}.Release|Any CPU.ActiveCfg = Release|Any CPU
		{EB07F63A-52D7-4DA6-9ADD-56B611EE815E}.Release|Any CPU.Build.0 = Release|Any CPU
	EndGlobalSection
	GlobalSection(SolutionProperties) = preSolution
		HideSolutionNode = FALSE
	EndGlobalSection
	GlobalSection(ExtensibilityGlobals) = postSolution
		SolutionGuid = {B85986B1-D53A-45DC-90B0-3A06626FE289}
	EndGlobalSection
EndGlobal
